
Microsoft Visual Studio Solution File, Format Version 12.00
# Visual Studio Version 16
VisualStudioVersion = 16.0.30611.23
MinimumVisualStudioVersion = 10.0.40219.1
Project("{FAE04EC0-301F-11D3-BF4B-00C04F79EFBC}") = "ChildrenCalc", "ChildrenCalc.csproj", "{3678FB1F-84CF-43BE-B6E4-0E753BED7AA6}"
EndProject
Global
	GlobalSection(SolutionConfigurationPlatforms) = preSolution
		Debug|Any CPU = Debug|Any CPU
		Release|Any CPU = Release|Any CPU
	EndGlobalSection
	GlobalSection(ProjectConfigurationPlatforms) = postSolution
		{3678FB1F-84CF-43BE-B6E4-0E753BED7AA6}.Debug|Any CPU.ActiveCfg = Debug|Any CPU
		{3678FB1F-84CF-43BE-B6E4-0E753BED7AA6}.Debug|Any CPU.Build.0 = Debug|Any CPU
		{3678FB1F-84CF-43BE-B6E4-0E753BED7AA6}.Release|Any CPU.ActiveCfg = Release|Any CPU
		{3678FB1F-84CF-43BE-B6E4-0E753BED7AA6}.Release|Any CPU.Build.0 = Release|Any CPU
	EndGlobalSection
	GlobalSection(SolutionProperties) = preSolution
		HideSolutionNode = FALSE
	EndGlobalSection
	GlobalSection(ExtensibilityGlobals) = postSolution
		SolutionGuid = {6C7027B1-6559-4F63-8FFB-84046DC4B770}
	EndGlobalSection
EndGlobal
